
Microsoft Visual Studio Solution File, Format Version 12.00
# Visual Studio Version 16
VisualStudioVersion = 16.0.30413.136
MinimumVisualStudioVersion = 10.0.40219.1
Project("{9A19103F-16F7-4668-BE54-9A1E7A4F7556}") = "Simple_Todo", "Simple_Todo\Simple_Todo.csproj", "{0C2148A1-3C61-4378-92C9-8AA10A78F9CF}"
EndProject
Global
	GlobalSection(SolutionConfigurationPlatforms) = preSolution
		Debug|Any CPU = Debug|Any CPU
		Release|Any CPU = Release|Any CPU
	EndGlobalSection
	GlobalSection(ProjectConfigurationPlatforms) = postSolution
		{0C2148A1-3C61-4378-92C9-8AA10A78F9CF}.Debug|Any CPU.ActiveCfg = Debug|Any CPU
		{0C2148A1-3C61-4378-92C9-8AA10A78F9CF}.Debug|Any CPU.Build.0 = Debug|Any CPU
		{0C2148A1-3C61-4378-92C9-8AA10A78F9CF}.Release|Any CPU.ActiveCfg = Release|Any CPU
		{0C2148A1-3C61-4378-92C9-8AA10A78F9CF}.Release|Any CPU.Build.0 = Release|Any CPU
	EndGlobalSection
	GlobalSection(SolutionProperties) = preSolution
		HideSolutionNode = FALSE
	EndGlobalSection
	GlobalSection(ExtensibilityGlobals) = postSolution
		SolutionGuid = {34E31AEA-7BAA-4AED-9541-8D66CA2CCA9F}
	EndGlobalSection
EndGlobal
